
Microsoft Visual Studio Solution File, Format Version 12.00
# Visual Studio Version 17
VisualStudioVersion = 17.8.34330.188
MinimumVisualStudioVersion = 10.0.40219.1
Project("{FAE04EC0-301F-11D3-BF4B-00C04F79EFBC}") = "cfvelascos7", "cfvelascos7\cfvelascos7.csproj", "{1C59434C-17E8-4F83-B5CD-C0A81DF3FAFC}"
EndProject
Global
	GlobalSection(SolutionConfigurationPlatforms) = preSolution
		Debug|Any CPU = Debug|Any CPU
		Release|Any CPU = Release|Any CPU
	EndGlobalSection
	GlobalSection(ProjectConfigurationPlatforms) = postSolution
		{1C59434C-17E8-4F83-B5CD-C0A81DF3FAFC}.Debug|Any CPU.ActiveCfg = Debug|Any CPU
		{1C59434C-17E8-4F83-B5CD-C0A81DF3FAFC}.Debug|Any CPU.Build.0 = Debug|Any CPU
		{1C59434C-17E8-4F83-B5CD-C0A81DF3FAFC}.Debug|Any CPU.Deploy.0 = Debug|Any CPU
		{1C59434C-17E8-4F83-B5CD-C0A81DF3FAFC}.Release|Any CPU.ActiveCfg = Release|Any CPU
		{1C59434C-17E8-4F83-B5CD-C0A81DF3FAFC}.Release|Any CPU.Build.0 = Release|Any CPU
		{1C59434C-17E8-4F83-B5CD-C0A81DF3FAFC}.Release|Any CPU.Deploy.0 = Release|Any CPU
	EndGlobalSection
	GlobalSection(SolutionProperties) = preSolution
		HideSolutionNode = FALSE
	EndGlobalSection
	GlobalSection(ExtensibilityGlobals) = postSolution
		SolutionGuid = {26F9B788-25B0-4FFF-AF21-5B45CC652E6E}
	EndGlobalSection
EndGlobal
